// !$*UTF8*$!
{
	archiveVersion = 1;
	classes = {
	};
	objectVersion = 46;
	objects = {

/* Begin PBXBuildFile section */
		FF9593921D30647000485E29 /* CoreData.framework in Frameworks */ = {isa = PBXBuildFile; fileRef = FF9593911D30647000485E29 /* CoreData.framework */; };
		FF9593951D3065B000485E29 /* DatabaseConnection.swift in Sources */ = {isa = PBXBuildFile; fileRef = FF9593941D3065B000485E29 /* DatabaseConnection.swift */; };
		FF9593971D30679E00485E29 /* EntityType.swift in Sources */ = {isa = PBXBuildFile; fileRef = FF9593961D30679E00485E29 /* EntityType.swift */; };
		FF9593A21D306AAB00485E29 /* RepoLifetimeType.swift in Sources */ = {isa = PBXBuildFile; fileRef = FF9593A11D306AAB00485E29 /* RepoLifetimeType.swift */; };
		FF9593A71D306AE800485E29 /* CoreDataConnection.swift in Sources */ = {isa = PBXBuildFile; fileRef = FF9593A41D306AE800485E29 /* CoreDataConnection.swift */; };
		FF9593A81D306AE800485E29 /* NSManagedObjectContext+name.swift in Sources */ = {isa = PBXBuildFile; fileRef = FF9593A51D306AE800485E29 /* NSManagedObjectContext+name.swift */; };
		FF9593A91D306AE800485E29 /* NSManagedObjectContext+Notifications.swift in Sources */ = {isa = PBXBuildFile; fileRef = FF9593A61D306AE800485E29 /* NSManagedObjectContext+Notifications.swift */; };
		FF9593AD1D306B8600485E29 /* NSManagedObjectContext+RepoLifetimeType.swift in Sources */ = {isa = PBXBuildFile; fileRef = FF9593AC1D306B8600485E29 /* NSManagedObjectContext+RepoLifetimeType.swift */; };
		FFD0D1671D306427008B7A7C /* DBRepo.h in Headers */ = {isa = PBXBuildFile; fileRef = FFD0D1661D306427008B7A7C /* DBRepo.h */; settings = {ATTRIBUTES = (Public, ); }; };
		FFD0D16E1D306427008B7A7C /* DBRepo.framework in Frameworks */ = {isa = PBXBuildFile; fileRef = FFD0D1631D306427008B7A7C /* DBRepo.framework */; };
		FFD0D1731D306427008B7A7C /* DBRepoTests.swift in Sources */ = {isa = PBXBuildFile; fileRef = FFD0D1721D306427008B7A7C /* DBRepoTests.swift */; };
/* End PBXBuildFile section */

/* Begin PBXContainerItemProxy section */
		FFD0D16F1D306427008B7A7C /* PBXContainerItemProxy */ = {
			isa = PBXContainerItemProxy;
			containerPortal = FFD0D15A1D306427008B7A7C /* Project object */;
			proxyType = 1;
			remoteGlobalIDString = FFD0D1621D306427008B7A7C;
			remoteInfo = DBRepo;
		};
/* End PBXContainerItemProxy section */

/* Begin PBXFileReference section */
		FF9593911D30647000485E29 /* CoreData.framework */ = {isa = PBXFileReference; lastKnownFileType = wrapper.framework; name = CoreData.framework; path = System/Library/Frameworks/CoreData.framework; sourceTree = SDKROOT; };
		FF9593941D3065B000485E29 /* DatabaseConnection.swift */ = {isa = PBXFileReference; fileEncoding = 4; lastKnownFileType = sourcecode.swift; path = DatabaseConnection.swift; sourceTree = "<group>"; };
		FF9593961D30679E00485E29 /* EntityType.swift */ = {isa = PBXFileReference; fileEncoding = 4; lastKnownFileType = sourcecode.swift; path = EntityType.swift; sourceTree = "<group>"; };
		FF9593A11D306AAB00485E29 /* RepoLifetimeType.swift */ = {isa = PBXFileReference; fileEncoding = 4; lastKnownFileType = sourcecode.swift; path = RepoLifetimeType.swift; sourceTree = "<group>"; };
		FF9593A41D306AE800485E29 /* CoreDataConnection.swift */ = {isa = PBXFileReference; fileEncoding = 4; lastKnownFileType = sourcecode.swift; path = CoreDataConnection.swift; sourceTree = "<group>"; };
		FF9593A51D306AE800485E29 /* NSManagedObjectContext+name.swift */ = {isa = PBXFileReference; fileEncoding = 4; lastKnownFileType = sourcecode.swift; path = "NSManagedObjectContext+name.swift"; sourceTree = "<group>"; };
		FF9593A61D306AE800485E29 /* NSManagedObjectContext+Notifications.swift */ = {isa = PBXFileReference; fileEncoding = 4; lastKnownFileType = sourcecode.swift; path = "NSManagedObjectContext+Notifications.swift"; sourceTree = "<group>"; };
		FF9593AC1D306B8600485E29 /* NSManagedObjectContext+RepoLifetimeType.swift */ = {isa = PBXFileReference; fileEncoding = 4; lastKnownFileType = sourcecode.swift; path = "NSManagedObjectContext+RepoLifetimeType.swift"; sourceTree = "<group>"; };
		FFD0D1631D306427008B7A7C /* DBRepo.framework */ = {isa = PBXFileReference; explicitFileType = wrapper.framework; includeInIndex = 0; path = DBRepo.framework; sourceTree = BUILT_PRODUCTS_DIR; };
		FFD0D1661D306427008B7A7C /* DBRepo.h */ = {isa = PBXFileReference; lastKnownFileType = sourcecode.c.h; path = DBRepo.h; sourceTree = "<group>"; };
		FFD0D1681D306427008B7A7C /* Info.plist */ = {isa = PBXFileReference; lastKnownFileType = text.plist.xml; path = Info.plist; sourceTree = "<group>"; };
		FFD0D16D1D306427008B7A7C /* DBRepoTests.xctest */ = {isa = PBXFileReference; explicitFileType = wrapper.cfbundle; includeInIndex = 0; path = DBRepoTests.xctest; sourceTree = BUILT_PRODUCTS_DIR; };
		FFD0D1721D306427008B7A7C /* DBRepoTests.swift */ = {isa = PBXFileReference; lastKnownFileType = sourcecode.swift; path = DBRepoTests.swift; sourceTree = "<group>"; };
		FFD0D1741D306427008B7A7C /* Info.plist */ = {isa = PBXFileReference; lastKnownFileType = text.plist.xml; path = Info.plist; sourceTree = "<group>"; };
/* End PBXFileReference section */

/* Begin PBXFrameworksBuildPhase section */
		FFD0D15F1D306427008B7A7C /* Frameworks */ = {
			isa = PBXFrameworksBuildPhase;
			buildActionMask = 2147483647;
			files = (
				FF9593921D30647000485E29 /* CoreData.framework in Frameworks */,
			);
			runOnlyForDeploymentPostprocessing = 0;
		};
		FFD0D16A1D306427008B7A7C /* Frameworks */ = {
			isa = PBXFrameworksBuildPhase;
			buildActionMask = 2147483647;
			files = (
				FFD0D16E1D306427008B7A7C /* DBRepo.framework in Frameworks */,
			);
			runOnlyForDeploymentPostprocessing = 0;
		};
/* End PBXFrameworksBuildPhase section */

/* Begin PBXGroup section */
		FF9593931D30651800485E29 /* Repo */ = {
			isa = PBXGroup;
			children = (
				FF9593981D30683400485E29 /* CoreData */,
				FF9593941D3065B000485E29 /* DatabaseConnection.swift */,
				FF9593961D30679E00485E29 /* EntityType.swift */,
				FF9593A11D306AAB00485E29 /* RepoLifetimeType.swift */,
			);
			path = Repo;
			sourceTree = "<group>";
		};
		FF9593981D30683400485E29 /* CoreData */ = {
			isa = PBXGroup;
			children = (
				FF9593AC1D306B8600485E29 /* NSManagedObjectContext+RepoLifetimeType.swift */,
				FF9593A31D306ADC00485E29 /* Setup */,
			);
			path = CoreData;
			sourceTree = "<group>";
		};
		FF9593A31D306ADC00485E29 /* Setup */ = {
			isa = PBXGroup;
			children = (
				FF9593A41D306AE800485E29 /* CoreDataConnection.swift */,
				FF9593A51D306AE800485E29 /* NSManagedObjectContext+name.swift */,
				FF9593A61D306AE800485E29 /* NSManagedObjectContext+Notifications.swift */,
			);
			path = Setup;
			sourceTree = "<group>";
		};
		FFD0D1591D306427008B7A7C = {
			isa = PBXGroup;
			children = (
				FF9593911D30647000485E29 /* CoreData.framework */,
				FFD0D1651D306427008B7A7C /* DBRepo */,
				FFD0D1711D306427008B7A7C /* DBRepoTests */,
				FFD0D1641D306427008B7A7C /* Products */,
			);
			sourceTree = "<group>";
		};
		FFD0D1641D306427008B7A7C /* Products */ = {
			isa = PBXGroup;
			children = (
				FFD0D1631D306427008B7A7C /* DBRepo.framework */,
				FFD0D16D1D306427008B7A7C /* DBRepoTests.xctest */,
			);
			name = Products;
			sourceTree = "<group>";
		};
		FFD0D1651D306427008B7A7C /* DBRepo */ = {
			isa = PBXGroup;
			children = (
				FF9593931D30651800485E29 /* Repo */,
				FFD0D1661D306427008B7A7C /* DBRepo.h */,
				FFD0D1681D306427008B7A7C /* Info.plist */,
			);
			path = DBRepo;
			sourceTree = "<group>";
		};
		FFD0D1711D306427008B7A7C /* DBRepoTests */ = {
			isa = PBXGroup;
			children = (
				FFD0D1721D306427008B7A7C /* DBRepoTests.swift */,
				FFD0D1741D306427008B7A7C /* Info.plist */,
			);
			path = DBRepoTests;
			sourceTree = "<group>";
		};
/* End PBXGroup section */

/* Begin PBXHeadersBuildPhase section */
		FFD0D1601D306427008B7A7C /* Headers */ = {
			isa = PBXHeadersBuildPhase;
			buildActionMask = 2147483647;
			files = (
				FFD0D1671D306427008B7A7C /* DBRepo.h in Headers */,
			);
			runOnlyForDeploymentPostprocessing = 0;
		};
/* End PBXHeadersBuildPhase section */

/* Begin PBXNativeTarget section */
		FFD0D1621D306427008B7A7C /* DBRepo */ = {
			isa = PBXNativeTarget;
			buildConfigurationList = FFD0D1771D306427008B7A7C /* Build configuration list for PBXNativeTarget "DBRepo" */;
			buildPhases = (
				FFD0D15E1D306427008B7A7C /* Sources */,
				FFD0D15F1D306427008B7A7C /* Frameworks */,
				FFD0D1601D306427008B7A7C /* Headers */,
				FFD0D1611D306427008B7A7C /* Resources */,
			);
			buildRules = (
			);
			dependencies = (
			);
			name = DBRepo;
			productName = DBRepo;
			productReference = FFD0D1631D306427008B7A7C /* DBRepo.framework */;
			productType = "com.apple.product-type.framework";
		};
		FFD0D16C1D306427008B7A7C /* DBRepoTests */ = {
			isa = PBXNativeTarget;
			buildConfigurationList = FFD0D17A1D306427008B7A7C /* Build configuration list for PBXNativeTarget "DBRepoTests" */;
			buildPhases = (
				FFD0D1691D306427008B7A7C /* Sources */,
				FFD0D16A1D306427008B7A7C /* Frameworks */,
				FFD0D16B1D306427008B7A7C /* Resources */,
			);
			buildRules = (
			);
			dependencies = (
				FFD0D1701D306427008B7A7C /* PBXTargetDependency */,
			);
			name = DBRepoTests;
			productName = DBRepoTests;
			productReference = FFD0D16D1D306427008B7A7C /* DBRepoTests.xctest */;
			productType = "com.apple.product-type.bundle.unit-test";
		};
/* End PBXNativeTarget section */

/* Begin PBXProject section */
		FFD0D15A1D306427008B7A7C /* Project object */ = {
			isa = PBXProject;
			attributes = {
				LastSwiftUpdateCheck = 0730;
				LastUpgradeCheck = 0730;
				ORGANIZATIONNAME = "Dan Bennett";
				TargetAttributes = {
					FFD0D1621D306427008B7A7C = {
						CreatedOnToolsVersion = 7.3.1;
					};
					FFD0D16C1D306427008B7A7C = {
						CreatedOnToolsVersion = 7.3.1;
					};
				};
			};
			buildConfigurationList = FFD0D15D1D306427008B7A7C /* Build configuration list for PBXProject "DBRepo" */;
			compatibilityVersion = "Xcode 3.2";
			developmentRegion = English;
			hasScannedForEncodings = 0;
			knownRegions = (
				en,
			);
			mainGroup = FFD0D1591D306427008B7A7C;
			productRefGroup = FFD0D1641D306427008B7A7C /* Products */;
			projectDirPath = "";
			projectRoot = "";
			targets = (
				FFD0D1621D306427008B7A7C /* DBRepo */,
				FFD0D16C1D306427008B7A7C /* DBRepoTests */,
			);
		};
/* End PBXProject section */

/* Begin PBXResourcesBuildPhase section */
		FFD0D1611D306427008B7A7C /* Resources */ = {
			isa = PBXResourcesBuildPhase;
			buildActionMask = 2147483647;
			files = (
			);
			runOnlyForDeploymentPostprocessing = 0;
		};
		FFD0D16B1D306427008B7A7C /* Resources */ = {
			isa = PBXResourcesBuildPhase;
			buildActionMask = 2147483647;
			files = (
			);
			runOnlyForDeploymentPostprocessing = 0;
		};
/* End PBXResourcesBuildPhase section */

/* Begin PBXSourcesBuildPhase section */
		FFD0D15E1D306427008B7A7C /* Sources */ = {
			isa = PBXSourcesBuildPhase;
			buildActionMask = 2147483647;
			files = (
				FF9593A21D306AAB00485E29 /* RepoLifetimeType.swift in Sources */,
				FF9593971D30679E00485E29 /* EntityType.swift in Sources */,
				FF9593A91D306AE800485E29 /* NSManagedObjectContext+Notifications.swift in Sources */,
				FF9593A71D306AE800485E29 /* CoreDataConnection.swift in Sources */,
				FF9593951D3065B000485E29 /* DatabaseConnection.swift in Sources */,
				FF9593AD1D306B8600485E29 /* NSManagedObjectContext+RepoLifetimeType.swift in Sources */,
				FF9593A81D306AE800485E29 /* NSManagedObjectContext+name.swift in Sources */,
			);
			runOnlyForDeploymentPostprocessing = 0;
		};
		FFD0D1691D306427008B7A7C /* Sources */ = {
			isa = PBXSourcesBuildPhase;
			buildActionMask = 2147483647;
			files = (
				FFD0D1731D306427008B7A7C /* DBRepoTests.swift in Sources */,
			);
			runOnlyForDeploymentPostprocessing = 0;
		};
/* End PBXSourcesBuildPhase section */

/* Begin PBXTargetDependency section */
		FFD0D1701D306427008B7A7C /* PBXTargetDependency */ = {
			isa = PBXTargetDependency;
			target = FFD0D1621D306427008B7A7C /* DBRepo */;
			targetProxy = FFD0D16F1D306427008B7A7C /* PBXContainerItemProxy */;
		};
/* End PBXTargetDependency section */

/* Begin XCBuildConfiguration section */
		FFD0D1751D306427008B7A7C /* Debug */ = {
			isa = XCBuildConfiguration;
			buildSettings = {
				ALWAYS_SEARCH_USER_PATHS = NO;
				CLANG_ANALYZER_NONNULL = YES;
				CLANG_CXX_LANGUAGE_STANDARD = "gnu++0x";
				CLANG_CXX_LIBRARY = "libc++";
				CLANG_ENABLE_MODULES = YES;
				CLANG_ENABLE_OBJC_ARC = YES;
				CLANG_WARN_BOOL_CONVERSION = YES;
				CLANG_WARN_CONSTANT_CONVERSION = YES;
				CLANG_WARN_DIRECT_OBJC_ISA_USAGE = YES_ERROR;
				CLANG_WARN_EMPTY_BODY = YES;
				CLANG_WARN_ENUM_CONVERSION = YES;
				CLANG_WARN_INT_CONVERSION = YES;
				CLANG_WARN_OBJC_ROOT_CLASS = YES_ERROR;
				CLANG_WARN_UNREACHABLE_CODE = YES;
				CLANG_WARN__DUPLICATE_METHOD_MATCH = YES;
				"CODE_SIGN_IDENTITY[sdk=iphoneos*]" = "iPhone Developer";
				COPY_PHASE_STRIP = NO;
				CURRENT_PROJECT_VERSION = 1;
				DEBUG_INFORMATION_FORMAT = dwarf;
				ENABLE_STRICT_OBJC_MSGSEND = YES;
				ENABLE_TESTABILITY = YES;
				GCC_C_LANGUAGE_STANDARD = gnu99;
				GCC_DYNAMIC_NO_PIC = NO;
				GCC_NO_COMMON_BLOCKS = YES;
				GCC_OPTIMIZATION_LEVEL = 0;
				GCC_PREPROCESSOR_DEFINITIONS = (
					"DEBUG=1",
					"$(inherited)",
				);
				GCC_WARN_64_TO_32_BIT_CONVERSION = YES;
				GCC_WARN_ABOUT_RETURN_TYPE = YES_ERROR;
				GCC_WARN_UNDECLARED_SELECTOR = YES;
				GCC_WARN_UNINITIALIZED_AUTOS = YES_AGGRESSIVE;
				GCC_WARN_UNUSED_FUNCTION = YES;
				GCC_WARN_UNUSED_VARIABLE = YES;
				IPHONEOS_DEPLOYMENT_TARGET = 8.0;
				MTL_ENABLE_DEBUG_INFO = YES;
				ONLY_ACTIVE_ARCH = YES;
				SDKROOT = iphoneos;
				SWIFT_OPTIMIZATION_LEVEL = "-Onone";
				TARGETED_DEVICE_FAMILY = "1,2";
				VERSIONING_SYSTEM = "apple-generic";
				VERSION_INFO_PREFIX = "";
			};
			name = Debug;
		};
		FFD0D1761D306427008B7A7C /* Release */ = {
			isa = XCBuildConfiguration;
			buildSettings = {
				ALWAYS_SEARCH_USER_PATHS = NO;
				CLANG_ANALYZER_NONNULL = YES;
				CLANG_CXX_LANGUAGE_STANDARD = "gnu++0x";
				CLANG_CXX_LIBRARY = "libc++";
				CLANG_ENABLE_MODULES = YES;
				CLANG_ENABLE_OBJC_ARC = YES;
				CLANG_WARN_BOOL_CONVERSION = YES;
				CLANG_WARN_CONSTANT_CONVERSION = YES;
				CLANG_WARN_DIRECT_OBJC_ISA_USAGE = YES_ERROR;
				CLANG_WARN_EMPTY_BODY = YES;
				CLANG_WARN_ENUM_CONVERSION = YES;
				CLANG_WARN_INT_CONVERSION = YES;
				CLANG_WARN_OBJC_ROOT_CLASS = YES_ERROR;
				CLANG_WARN_UNREACHABLE_CODE = YES;
				CLANG_WARN__DUPLICATE_METHOD_MATCH = YES;
				"CODE_SIGN_IDENTITY[sdk=iphoneos*]" = "iPhone Developer";
				COPY_PHASE_STRIP = NO;
				CURRENT_PROJECT_VERSION = 1;
				DEBUG_INFORMATION_FORMAT = "dwarf-with-dsym";
				ENABLE_NS_ASSERTIONS = NO;
				ENABLE_STRICT_OBJC_MSGSEND = YES;
				GCC_C_LANGUAGE_STANDARD = gnu99;
				GCC_NO_COMMON_BLOCKS = YES;
				GCC_WARN_64_TO_32_BIT_CONVERSION = YES;
				GCC_WARN_ABOUT_RETURN_TYPE = YES_ERROR;
				GCC_WARN_UNDECLARED_SELECTOR = YES;
				GCC_WARN_UNINITIALIZED_AUTOS = YES_AGGRESSIVE;
				GCC_WARN_UNUSED_FUNCTION = YES;
				GCC_WARN_UNUSED_VARIABLE = YES;
				IPHONEOS_DEPLOYMENT_TARGET = 8.0;
				MTL_ENABLE_DEBUG_INFO = NO;
				SDKROOT = iphoneos;
				TARGETED_DEVICE_FAMILY = "1,2";
				VALIDATE_PRODUCT = YES;
				VERSIONING_SYSTEM = "apple-generic";
				VERSION_INFO_PREFIX = "";
			};
			name = Release;
		};
		FFD0D1781D306427008B7A7C /* Debug */ = {
			isa = XCBuildConfiguration;
			buildSettings = {
				CLANG_ENABLE_MODULES = YES;
				DEFINES_MODULE = YES;
				DYLIB_COMPATIBILITY_VERSION = 1;
				DYLIB_CURRENT_VERSION = 1;
				DYLIB_INSTALL_NAME_BASE = "@rpath";
				INFOPLIST_FILE = DBRepo/Info.plist;
				INSTALL_PATH = "$(LOCAL_LIBRARY_DIR)/Frameworks";
				LD_RUNPATH_SEARCH_PATHS = "$(inherited) @executable_path/Frameworks @loader_path/Frameworks";
				PRODUCT_BUNDLE_IDENTIFIER = uk.co.danbennett.DBRepo;
				PRODUCT_NAME = "$(TARGET_NAME)";
				SKIP_INSTALL = YES;
				SWIFT_OPTIMIZATION_LEVEL = "-Onone";
			};
			name = Debug;
		};
		FFD0D1791D306427008B7A7C /* Release */ = {
			isa = XCBuildConfiguration;
			buildSettings = {
				CLANG_ENABLE_MODULES = YES;
				DEFINES_MODULE = YES;
				DYLIB_COMPATIBILITY_VERSION = 1;
				DYLIB_CURRENT_VERSION = 1;
				DYLIB_INSTALL_NAME_BASE = "@rpath";
				INFOPLIST_FILE = DBRepo/Info.plist;
				INSTALL_PATH = "$(LOCAL_LIBRARY_DIR)/Frameworks";
				LD_RUNPATH_SEARCH_PATHS = "$(inherited) @executable_path/Frameworks @loader_path/Frameworks";
				PRODUCT_BUNDLE_IDENTIFIER = uk.co.danbennett.DBRepo;
				PRODUCT_NAME = "$(TARGET_NAME)";
				SKIP_INSTALL = YES;
			};
			name = Release;
		};
		FFD0D17B1D306427008B7A7C /* Debug */ = {
			isa = XCBuildConfiguration;
			buildSettings = {
				INFOPLIST_FILE = DBRepoTests/Info.plist;
				LD_RUNPATH_SEARCH_PATHS = "$(inherited) @executable_path/Frameworks @loader_path/Frameworks";
				PRODUCT_BUNDLE_IDENTIFIER = uk.co.danbennett.DBRepoTests;
				PRODUCT_NAME = "$(TARGET_NAME)";
			};
			name = Debug;
		};
		FFD0D17C1D306427008B7A7C /* Release */ = {
			isa = XCBuildConfiguration;
			buildSettings = {
				INFOPLIST_FILE = DBRepoTests/Info.plist;
				LD_RUNPATH_SEARCH_PATHS = "$(inherited) @executable_path/Frameworks @loader_path/Frameworks";
				PRODUCT_BUNDLE_IDENTIFIER = uk.co.danbennett.DBRepoTests;
				PRODUCT_NAME = "$(TARGET_NAME)";
			};
			name = Release;
		};
/* End XCBuildConfiguration section */

/* Begin XCConfigurationList section */
		FFD0D15D1D306427008B7A7C /* Build configuration list for PBXProject "DBRepo" */ = {
			isa = XCConfigurationList;
			buildConfigurations = (
				FFD0D1751D306427008B7A7C /* Debug */,
				FFD0D1761D306427008B7A7C /* Release */,
			);
			defaultConfigurationIsVisible = 0;
			defaultConfigurationName = Release;
		};
		FFD0D1771D306427008B7A7C /* Build configuration list for PBXNativeTarget "DBRepo" */ = {
			isa = XCConfigurationList;
			buildConfigurations = (
				FFD0D1781D306427008B7A7C /* Debug */,
				FFD0D1791D306427008B7A7C /* Release */,
			);
			defaultConfigurationIsVisible = 0;
			defaultConfigurationName = Release;
		};
		FFD0D17A1D306427008B7A7C /* Build configuration list for PBXNativeTarget "DBRepoTests" */ = {
			isa = XCConfigurationList;
			buildConfigurations = (
				FFD0D17B1D306427008B7A7C /* Debug */,
				FFD0D17C1D306427008B7A7C /* Release */,
			);
			defaultConfigurationIsVisible = 0;
			defaultConfigurationName = Release;
		};
/* End XCConfigurationList section */
	};
	rootObject = FFD0D15A1D306427008B7A7C /* Project object */;
}
