PODS:
  - DBRepo/Common (0.0.1)
  - DBRepo/CoreData (0.0.1):
    - DBRepo/Common

DEPENDENCIES:
  - DBRepo/CoreData (from `../`)

EXTERNAL SOURCES:
  DBRepo:
    :path: ../

SPEC CHECKSUMS:
  DBRepo: 1d76db73dcd79dfe720dfb90022ed70dc4f456f2

PODFILE CHECKSUM: 26b49ca1a3cfd93a3f956b646f26d1438be62464

COCOAPODS: 1.0.1
