PODS:
  - DBRepo/Common (0.0.1)
  - DBRepo/CoreData (0.0.1):
    - DBRepo/Common
    - DBRepo/CoreData/Setup (= 0.0.1)
  - DBRepo/CoreData/Setup (0.0.1):
    - DBRepo/Common

DEPENDENCIES:
  - DBRepo/CoreData (from `../`)
  - DBRepo/CoreData/Setup (from `../`)

EXTERNAL SOURCES:
  DBRepo:
    :path: ../

SPEC CHECKSUMS:
  DBRepo: f9eeb4069d9173c5bda389d18c16eef697540acd

PODFILE CHECKSUM: 9254f475adc94b019557c040f040ab4137515333

COCOAPODS: 1.0.1
